
Microsoft Visual Studio Solution File, Format Version 12.00
# Visual Studio Version 17
VisualStudioVersion = 17.6.33829.357
MinimumVisualStudioVersion = 10.0.40219.1
Project("{FAE04EC0-301F-11D3-BF4B-00C04F79EFBC}") = "RedisDemo", "RedisDemo\RedisDemo.csproj", "{553D229F-F3BE-4DCD-A83A-23080FF55DCC}"
EndProject
Global
	GlobalSection(SolutionConfigurationPlatforms) = preSolution
		Debug|Any CPU = Debug|Any CPU
		Release|Any CPU = Release|Any CPU
	EndGlobalSection
	GlobalSection(ProjectConfigurationPlatforms) = postSolution
		{553D229F-F3BE-4DCD-A83A-23080FF55DCC}.Debug|Any CPU.ActiveCfg = Debug|Any CPU
		{553D229F-F3BE-4DCD-A83A-23080FF55DCC}.Debug|Any CPU.Build.0 = Debug|Any CPU
		{553D229F-F3BE-4DCD-A83A-23080FF55DCC}.Release|Any CPU.ActiveCfg = Release|Any CPU
		{553D229F-F3BE-4DCD-A83A-23080FF55DCC}.Release|Any CPU.Build.0 = Release|Any CPU
	EndGlobalSection
	GlobalSection(SolutionProperties) = preSolution
		HideSolutionNode = FALSE
	EndGlobalSection
	GlobalSection(ExtensibilityGlobals) = postSolution
		SolutionGuid = {C5DD5413-1150-4489-BE97-BCD6C4B70655}
	EndGlobalSection
EndGlobal
